{
  "name": "websocketserver",
  "version": "1.0.0",
  "lockfileVersion": 1,
  "requires": true,
  "dependencies": {
    "@sap-devx/webview-rpc": {
      "version": "0.3.1",
      "resolved": "https://registry.npmjs.org/@sap-devx/webview-rpc/-/webview-rpc-0.3.1.tgz",
      "integrity": "sha512-wBgSJzsVZ/lpRLd1v1PuGjmnVZH+OlyFY0AmQoMDULVC/nb+E3C7t6VpP5FtRGCL5WsSs1xK7r4gLI4NO3b8kA==",
      "requires": {
        "ws": "^7.2.3"
      }
    },
    "ws": {
      "version": "7.4.6",
      "resolved": "https://registry.npmjs.org/ws/-/ws-7.4.6.tgz",
      "integrity": "sha512-YmhHDO4MzaDLB+M9ym/mDA5z0naX8j7SIlT8f8z+I0VtzsRbekxEutHSme7NPS2qE8StCYQNUnfWdXta/Yu85A=="
    }
  }
}
